
Microsoft Visual Studio Solution File, Format Version 12.00
# Visual Studio 14
VisualStudioVersion = 14.0.25420.1
MinimumVisualStudioVersion = 10.0.40219.1
Project("{FAE04EC0-301F-11D3-BF4B-00C04F79EFBC}") = "ClassEnvironment", "SpecifyingCommandLine\ClassEnvironment.csproj", "{0F776956-2CD6-4E42-9BEB-95B926FAB4BB}"
EndProject
Project("{FAE04EC0-301F-11D3-BF4B-00C04F79EFBC}") = "ClassConsole", "ClassConsole\ClassConsole.csproj", "{972222AD-E304-4881-B97B-967732DC3BC8}"
EndProject
Project("{FAE04EC0-301F-11D3-BF4B-00C04F79EFBC}") = "Variable", "Variable\Variable.csproj", "{F86A62E4-D47D-4CEC-BE6F-9E1964F85DE8}"
EndProject
Project("{FAE04EC0-301F-11D3-BF4B-00C04F79EFBC}") = "ClassString", "ClassString\ClassString.csproj", "{757D5EFE-4135-4AB1-B60B-2A272D750473}"
EndProject
Project("{FAE04EC0-301F-11D3-BF4B-00C04F79EFBC}") = "ClasStringBuilder", "StringBuilder\ClasStringBuilder.csproj", "{89473883-58CA-48FD-AF4F-6092B94F8F0D}"
EndProject
Project("{FAE04EC0-301F-11D3-BF4B-00C04F79EFBC}") = "IterationsAndDecisions", "IterationsAndDecisions\IterationsAndDecisions.csproj", "{99D9B4BB-C54C-4450-B477-F33374D2CBDB}"
EndProject
Project("{FAE04EC0-301F-11D3-BF4B-00C04F79EFBC}") = "MethodAndParameterModifiers", "MethodAndParameterModifiers\MethodAndParameterModifiers.csproj", "{5CB8732A-52C7-430B-882B-9AF0F767C567}"
EndProject
Global
	GlobalSection(SolutionConfigurationPlatforms) = preSolution
		Debug|Any CPU = Debug|Any CPU
		Release|Any CPU = Release|Any CPU
	EndGlobalSection
	GlobalSection(ProjectConfigurationPlatforms) = postSolution
		{0F776956-2CD6-4E42-9BEB-95B926FAB4BB}.Debug|Any CPU.ActiveCfg = Debug|Any CPU
		{0F776956-2CD6-4E42-9BEB-95B926FAB4BB}.Debug|Any CPU.Build.0 = Debug|Any CPU
		{0F776956-2CD6-4E42-9BEB-95B926FAB4BB}.Release|Any CPU.ActiveCfg = Release|Any CPU
		{0F776956-2CD6-4E42-9BEB-95B926FAB4BB}.Release|Any CPU.Build.0 = Release|Any CPU
		{972222AD-E304-4881-B97B-967732DC3BC8}.Debug|Any CPU.ActiveCfg = Debug|Any CPU
		{972222AD-E304-4881-B97B-967732DC3BC8}.Debug|Any CPU.Build.0 = Debug|Any CPU
		{972222AD-E304-4881-B97B-967732DC3BC8}.Release|Any CPU.ActiveCfg = Release|Any CPU
		{972222AD-E304-4881-B97B-967732DC3BC8}.Release|Any CPU.Build.0 = Release|Any CPU
		{F86A62E4-D47D-4CEC-BE6F-9E1964F85DE8}.Debug|Any CPU.ActiveCfg = Debug|Any CPU
		{F86A62E4-D47D-4CEC-BE6F-9E1964F85DE8}.Debug|Any CPU.Build.0 = Debug|Any CPU
		{F86A62E4-D47D-4CEC-BE6F-9E1964F85DE8}.Release|Any CPU.ActiveCfg = Release|Any CPU
		{F86A62E4-D47D-4CEC-BE6F-9E1964F85DE8}.Release|Any CPU.Build.0 = Release|Any CPU
		{757D5EFE-4135-4AB1-B60B-2A272D750473}.Debug|Any CPU.ActiveCfg = Debug|Any CPU
		{757D5EFE-4135-4AB1-B60B-2A272D750473}.Debug|Any CPU.Build.0 = Debug|Any CPU
		{757D5EFE-4135-4AB1-B60B-2A272D750473}.Release|Any CPU.ActiveCfg = Release|Any CPU
		{757D5EFE-4135-4AB1-B60B-2A272D750473}.Release|Any CPU.Build.0 = Release|Any CPU
		{89473883-58CA-48FD-AF4F-6092B94F8F0D}.Debug|Any CPU.ActiveCfg = Debug|Any CPU
		{89473883-58CA-48FD-AF4F-6092B94F8F0D}.Debug|Any CPU.Build.0 = Debug|Any CPU
		{89473883-58CA-48FD-AF4F-6092B94F8F0D}.Release|Any CPU.ActiveCfg = Release|Any CPU
		{89473883-58CA-48FD-AF4F-6092B94F8F0D}.Release|Any CPU.Build.0 = Release|Any CPU
		{99D9B4BB-C54C-4450-B477-F33374D2CBDB}.Debug|Any CPU.ActiveCfg = Debug|Any CPU
		{99D9B4BB-C54C-4450-B477-F33374D2CBDB}.Debug|Any CPU.Build.0 = Debug|Any CPU
		{99D9B4BB-C54C-4450-B477-F33374D2CBDB}.Release|Any CPU.ActiveCfg = Release|Any CPU
		{99D9B4BB-C54C-4450-B477-F33374D2CBDB}.Release|Any CPU.Build.0 = Release|Any CPU
		{5CB8732A-52C7-430B-882B-9AF0F767C567}.Debug|Any CPU.ActiveCfg = Debug|Any CPU
		{5CB8732A-52C7-430B-882B-9AF0F767C567}.Debug|Any CPU.Build.0 = Debug|Any CPU
		{5CB8732A-52C7-430B-882B-9AF0F767C567}.Release|Any CPU.ActiveCfg = Release|Any CPU
		{5CB8732A-52C7-430B-882B-9AF0F767C567}.Release|Any CPU.Build.0 = Release|Any CPU
	EndGlobalSection
	GlobalSection(SolutionProperties) = preSolution
		HideSolutionNode = FALSE
	EndGlobalSection
EndGlobal
