
Microsoft Visual Studio Solution File, Format Version 12.00
# Visual Studio 2012
Project("{FAE04EC0-301F-11D3-BF4B-00C04F79EFBC}") = "WpfApplication1", "WpfApplication1\WpfApplication1.csproj", "{6CB208E4-9937-44BF-8940-726EEF09DA54}"
EndProject
Project("{FAE04EC0-301F-11D3-BF4B-00C04F79EFBC}") = "Foreign", "Foreign\Foreign.csproj", "{7D67B53C-6D78-415B-BABA-0F59775F12E5}"
EndProject
Global
	GlobalSection(SolutionConfigurationPlatforms) = preSolution
		Debug|Any CPU = Debug|Any CPU
		Release|Any CPU = Release|Any CPU
	EndGlobalSection
	GlobalSection(ProjectConfigurationPlatforms) = postSolution
		{6CB208E4-9937-44BF-8940-726EEF09DA54}.Debug|Any CPU.ActiveCfg = Debug|Any CPU
		{6CB208E4-9937-44BF-8940-726EEF09DA54}.Debug|Any CPU.Build.0 = Debug|Any CPU
		{6CB208E4-9937-44BF-8940-726EEF09DA54}.Release|Any CPU.ActiveCfg = Release|Any CPU
		{6CB208E4-9937-44BF-8940-726EEF09DA54}.Release|Any CPU.Build.0 = Release|Any CPU
		{7D67B53C-6D78-415B-BABA-0F59775F12E5}.Debug|Any CPU.ActiveCfg = Debug|Any CPU
		{7D67B53C-6D78-415B-BABA-0F59775F12E5}.Debug|Any CPU.Build.0 = Debug|Any CPU
		{7D67B53C-6D78-415B-BABA-0F59775F12E5}.Release|Any CPU.ActiveCfg = Release|Any CPU
		{7D67B53C-6D78-415B-BABA-0F59775F12E5}.Release|Any CPU.Build.0 = Release|Any CPU
	EndGlobalSection
	GlobalSection(SolutionProperties) = preSolution
		HideSolutionNode = FALSE
	EndGlobalSection
EndGlobal
