
Microsoft Visual Studio Solution File, Format Version 12.00
# Visual Studio 14
VisualStudioVersion = 14.0.25420.1
MinimumVisualStudioVersion = 10.0.40219.1
Project("{FAE04EC0-301F-11D3-BF4B-00C04F79EFBC}") = "ClassEnvironment", "SpecifyingCommandLine\ClassEnvironment.csproj", "{0F776956-2CD6-4E42-9BEB-95B926FAB4BB}"
EndProject
Project("{FAE04EC0-301F-11D3-BF4B-00C04F79EFBC}") = "ClassConsole", "ClassConsole\ClassConsole.csproj", "{972222AD-E304-4881-B97B-967732DC3BC8}"
EndProject
Project("{FAE04EC0-301F-11D3-BF4B-00C04F79EFBC}") = "Variable", "Variable\Variable.csproj", "{F86A62E4-D47D-4CEC-BE6F-9E1964F85DE8}"
EndProject
Project("{FAE04EC0-301F-11D3-BF4B-00C04F79EFBC}") = "ClassString", "ClassString\ClassString.csproj", "{757D5EFE-4135-4AB1-B60B-2A272D750473}"
EndProject
Project("{FAE04EC0-301F-11D3-BF4B-00C04F79EFBC}") = "ClasStringBuilder", "StringBuilder\ClasStringBuilder.csproj", "{89473883-58CA-48FD-AF4F-6092B94F8F0D}"
EndProject
Project("{FAE04EC0-301F-11D3-BF4B-00C04F79EFBC}") = "IterationsAndDecisions", "IterationsAndDecisions\IterationsAndDecisions.csproj", "{99D9B4BB-C54C-4450-B477-F33374D2CBDB}"
EndProject
Project("{FAE04EC0-301F-11D3-BF4B-00C04F79EFBC}") = "MethodAndParameterModifiers", "MethodAndParameterModifiers\MethodAndParameterModifiers.csproj", "{5CB8732A-52C7-430B-882B-9AF0F767C567}"
EndProject
Project("{FAE04EC0-301F-11D3-BF4B-00C04F79EFBC}") = "NameArgumeter", "NameArgumeter\NameArgumeter.csproj", "{A180A1ED-3096-4F69-8B7C-A409793057A8}"
EndProject
Project("{FAE04EC0-301F-11D3-BF4B-00C04F79EFBC}") = "Array", "Array\Array.csproj", "{222D1516-87BA-4C93-B8C7-06B0DF3664F9}"
EndProject
Project("{FAE04EC0-301F-11D3-BF4B-00C04F79EFBC}") = "EnumType", "EnumType\EnumType.csproj", "{DAB1E57D-CAEA-4B2E-8C79-FD9FBDFED847}"
EndProject
Project("{FAE04EC0-301F-11D3-BF4B-00C04F79EFBC}") = "FunWithStructure", "FunWithStructure\FunWithStructure.csproj", "{FB6318F3-54CF-4CD0-AC07-851B1AEAAD73}"
EndProject
Project("{FAE04EC0-301F-11D3-BF4B-00C04F79EFBC}") = "ValueAndReferenceTypes", "ValueAndReferenceTypes\ValueAndReferenceTypes.csproj", "{99D11A51-72DC-48AF-B9B0-D1E834EA5B32}"
EndProject
Project("{FAE04EC0-301F-11D3-BF4B-00C04F79EFBC}") = "RefTypeValTypeParams", "RefTypeValTypeParams\RefTypeValTypeParams.csproj", "{E3D4DC5C-F9B5-4F82-9661-E774E0E1EEA2}"
EndProject
Project("{FAE04EC0-301F-11D3-BF4B-00C04F79EFBC}") = "NullableTypes", "NullableTypes\NullableTypes.csproj", "{2E830763-43D8-41E1-BD23-7280A87E0029}"
EndProject
Project("{FAE04EC0-301F-11D3-BF4B-00C04F79EFBC}") = "SimpleClassExample", "SimpleClassExample\SimpleClassExample.csproj", "{80A9AFC2-B9F4-4897-91C9-046EAEDAF99D}"
EndProject
Project("{FAE04EC0-301F-11D3-BF4B-00C04F79EFBC}") = "StaticDataAndMembers", "StaticDataAndMembers\StaticDataAndMembers.csproj", "{92498EA7-CE84-4FF0-AAA5-625CA21A621C}"
EndProject
Project("{FAE04EC0-301F-11D3-BF4B-00C04F79EFBC}") = "EmployeeApp", "EmployeeApp\EmployeeApp.csproj", "{6FFD773E-84DD-465C-B60D-9DD24B52920D}"
EndProject
Project("{FAE04EC0-301F-11D3-BF4B-00C04F79EFBC}") = "AutoProps", "AutoProps\AutoProps.csproj", "{AE89FC7A-7AAD-473D-93BA-15762A542601}"
EndProject
Project("{FAE04EC0-301F-11D3-BF4B-00C04F79EFBC}") = "Employees", "BasicInheritance\Employees.csproj", "{7FC74B85-5BFC-4C55-9346-8FA0BC79E060}"
EndProject
Project("{FAE04EC0-301F-11D3-BF4B-00C04F79EFBC}") = "Shapes", "Shapes\Shapes.csproj", "{71C2D4ED-33CA-427C-935E-3A4382A4C05B}"
EndProject
Project("{FAE04EC0-301F-11D3-BF4B-00C04F79EFBC}") = "ObjectOverrides", "ObjectOverrides\ObjectOverrides.csproj", "{466451B4-FB2C-41B0-B40A-54AB82ABA261}"
EndProject
Project("{FAE04EC0-301F-11D3-BF4B-00C04F79EFBC}") = "SimpleException", "SimpleException\SimpleException.csproj", "{CF5E1A11-E56C-4B1A-A0EA-BF2D32C7D3F2}"
EndProject
Project("{FAE04EC0-301F-11D3-BF4B-00C04F79EFBC}") = "CustomException", "CustomException\CustomException.csproj", "{59A5134E-1012-4BDB-92A9-F3151DC859BB}"
EndProject
Project("{FAE04EC0-301F-11D3-BF4B-00C04F79EFBC}") = "ProcessMultipleExceptions", "ProcessMultipleExceptions\ProcessMultipleExceptions.csproj", "{1C456F58-3BDD-4EEF-AA7F-AFBCB560568E}"
EndProject
Global
	GlobalSection(SolutionConfigurationPlatforms) = preSolution
		Debug|Any CPU = Debug|Any CPU
		Release|Any CPU = Release|Any CPU
	EndGlobalSection
	GlobalSection(ProjectConfigurationPlatforms) = postSolution
		{0F776956-2CD6-4E42-9BEB-95B926FAB4BB}.Debug|Any CPU.ActiveCfg = Debug|Any CPU
		{0F776956-2CD6-4E42-9BEB-95B926FAB4BB}.Debug|Any CPU.Build.0 = Debug|Any CPU
		{0F776956-2CD6-4E42-9BEB-95B926FAB4BB}.Release|Any CPU.ActiveCfg = Release|Any CPU
		{0F776956-2CD6-4E42-9BEB-95B926FAB4BB}.Release|Any CPU.Build.0 = Release|Any CPU
		{972222AD-E304-4881-B97B-967732DC3BC8}.Debug|Any CPU.ActiveCfg = Debug|Any CPU
		{972222AD-E304-4881-B97B-967732DC3BC8}.Debug|Any CPU.Build.0 = Debug|Any CPU
		{972222AD-E304-4881-B97B-967732DC3BC8}.Release|Any CPU.ActiveCfg = Release|Any CPU
		{972222AD-E304-4881-B97B-967732DC3BC8}.Release|Any CPU.Build.0 = Release|Any CPU
		{F86A62E4-D47D-4CEC-BE6F-9E1964F85DE8}.Debug|Any CPU.ActiveCfg = Debug|Any CPU
		{F86A62E4-D47D-4CEC-BE6F-9E1964F85DE8}.Debug|Any CPU.Build.0 = Debug|Any CPU
		{F86A62E4-D47D-4CEC-BE6F-9E1964F85DE8}.Release|Any CPU.ActiveCfg = Release|Any CPU
		{F86A62E4-D47D-4CEC-BE6F-9E1964F85DE8}.Release|Any CPU.Build.0 = Release|Any CPU
		{757D5EFE-4135-4AB1-B60B-2A272D750473}.Debug|Any CPU.ActiveCfg = Debug|Any CPU
		{757D5EFE-4135-4AB1-B60B-2A272D750473}.Debug|Any CPU.Build.0 = Debug|Any CPU
		{757D5EFE-4135-4AB1-B60B-2A272D750473}.Release|Any CPU.ActiveCfg = Release|Any CPU
		{757D5EFE-4135-4AB1-B60B-2A272D750473}.Release|Any CPU.Build.0 = Release|Any CPU
		{89473883-58CA-48FD-AF4F-6092B94F8F0D}.Debug|Any CPU.ActiveCfg = Debug|Any CPU
		{89473883-58CA-48FD-AF4F-6092B94F8F0D}.Debug|Any CPU.Build.0 = Debug|Any CPU
		{89473883-58CA-48FD-AF4F-6092B94F8F0D}.Release|Any CPU.ActiveCfg = Release|Any CPU
		{89473883-58CA-48FD-AF4F-6092B94F8F0D}.Release|Any CPU.Build.0 = Release|Any CPU
		{99D9B4BB-C54C-4450-B477-F33374D2CBDB}.Debug|Any CPU.ActiveCfg = Debug|Any CPU
		{99D9B4BB-C54C-4450-B477-F33374D2CBDB}.Debug|Any CPU.Build.0 = Debug|Any CPU
		{99D9B4BB-C54C-4450-B477-F33374D2CBDB}.Release|Any CPU.ActiveCfg = Release|Any CPU
		{99D9B4BB-C54C-4450-B477-F33374D2CBDB}.Release|Any CPU.Build.0 = Release|Any CPU
		{5CB8732A-52C7-430B-882B-9AF0F767C567}.Debug|Any CPU.ActiveCfg = Debug|Any CPU
		{5CB8732A-52C7-430B-882B-9AF0F767C567}.Debug|Any CPU.Build.0 = Debug|Any CPU
		{5CB8732A-52C7-430B-882B-9AF0F767C567}.Release|Any CPU.ActiveCfg = Release|Any CPU
		{5CB8732A-52C7-430B-882B-9AF0F767C567}.Release|Any CPU.Build.0 = Release|Any CPU
		{A180A1ED-3096-4F69-8B7C-A409793057A8}.Debug|Any CPU.ActiveCfg = Debug|Any CPU
		{A180A1ED-3096-4F69-8B7C-A409793057A8}.Debug|Any CPU.Build.0 = Debug|Any CPU
		{A180A1ED-3096-4F69-8B7C-A409793057A8}.Release|Any CPU.ActiveCfg = Release|Any CPU
		{A180A1ED-3096-4F69-8B7C-A409793057A8}.Release|Any CPU.Build.0 = Release|Any CPU
		{222D1516-87BA-4C93-B8C7-06B0DF3664F9}.Debug|Any CPU.ActiveCfg = Debug|Any CPU
		{222D1516-87BA-4C93-B8C7-06B0DF3664F9}.Debug|Any CPU.Build.0 = Debug|Any CPU
		{222D1516-87BA-4C93-B8C7-06B0DF3664F9}.Release|Any CPU.ActiveCfg = Release|Any CPU
		{222D1516-87BA-4C93-B8C7-06B0DF3664F9}.Release|Any CPU.Build.0 = Release|Any CPU
		{DAB1E57D-CAEA-4B2E-8C79-FD9FBDFED847}.Debug|Any CPU.ActiveCfg = Debug|Any CPU
		{DAB1E57D-CAEA-4B2E-8C79-FD9FBDFED847}.Debug|Any CPU.Build.0 = Debug|Any CPU
		{DAB1E57D-CAEA-4B2E-8C79-FD9FBDFED847}.Release|Any CPU.ActiveCfg = Release|Any CPU
		{DAB1E57D-CAEA-4B2E-8C79-FD9FBDFED847}.Release|Any CPU.Build.0 = Release|Any CPU
		{FB6318F3-54CF-4CD0-AC07-851B1AEAAD73}.Debug|Any CPU.ActiveCfg = Debug|Any CPU
		{FB6318F3-54CF-4CD0-AC07-851B1AEAAD73}.Debug|Any CPU.Build.0 = Debug|Any CPU
		{FB6318F3-54CF-4CD0-AC07-851B1AEAAD73}.Release|Any CPU.ActiveCfg = Release|Any CPU
		{FB6318F3-54CF-4CD0-AC07-851B1AEAAD73}.Release|Any CPU.Build.0 = Release|Any CPU
		{99D11A51-72DC-48AF-B9B0-D1E834EA5B32}.Debug|Any CPU.ActiveCfg = Debug|Any CPU
		{99D11A51-72DC-48AF-B9B0-D1E834EA5B32}.Debug|Any CPU.Build.0 = Debug|Any CPU
		{99D11A51-72DC-48AF-B9B0-D1E834EA5B32}.Release|Any CPU.ActiveCfg = Release|Any CPU
		{99D11A51-72DC-48AF-B9B0-D1E834EA5B32}.Release|Any CPU.Build.0 = Release|Any CPU
		{E3D4DC5C-F9B5-4F82-9661-E774E0E1EEA2}.Debug|Any CPU.ActiveCfg = Debug|Any CPU
		{E3D4DC5C-F9B5-4F82-9661-E774E0E1EEA2}.Debug|Any CPU.Build.0 = Debug|Any CPU
		{E3D4DC5C-F9B5-4F82-9661-E774E0E1EEA2}.Release|Any CPU.ActiveCfg = Release|Any CPU
		{E3D4DC5C-F9B5-4F82-9661-E774E0E1EEA2}.Release|Any CPU.Build.0 = Release|Any CPU
		{2E830763-43D8-41E1-BD23-7280A87E0029}.Debug|Any CPU.ActiveCfg = Debug|Any CPU
		{2E830763-43D8-41E1-BD23-7280A87E0029}.Debug|Any CPU.Build.0 = Debug|Any CPU
		{2E830763-43D8-41E1-BD23-7280A87E0029}.Release|Any CPU.ActiveCfg = Release|Any CPU
		{2E830763-43D8-41E1-BD23-7280A87E0029}.Release|Any CPU.Build.0 = Release|Any CPU
		{80A9AFC2-B9F4-4897-91C9-046EAEDAF99D}.Debug|Any CPU.ActiveCfg = Debug|Any CPU
		{80A9AFC2-B9F4-4897-91C9-046EAEDAF99D}.Debug|Any CPU.Build.0 = Debug|Any CPU
		{80A9AFC2-B9F4-4897-91C9-046EAEDAF99D}.Release|Any CPU.ActiveCfg = Release|Any CPU
		{80A9AFC2-B9F4-4897-91C9-046EAEDAF99D}.Release|Any CPU.Build.0 = Release|Any CPU
		{92498EA7-CE84-4FF0-AAA5-625CA21A621C}.Debug|Any CPU.ActiveCfg = Debug|Any CPU
		{92498EA7-CE84-4FF0-AAA5-625CA21A621C}.Debug|Any CPU.Build.0 = Debug|Any CPU
		{92498EA7-CE84-4FF0-AAA5-625CA21A621C}.Release|Any CPU.ActiveCfg = Release|Any CPU
		{92498EA7-CE84-4FF0-AAA5-625CA21A621C}.Release|Any CPU.Build.0 = Release|Any CPU
		{6FFD773E-84DD-465C-B60D-9DD24B52920D}.Debug|Any CPU.ActiveCfg = Debug|Any CPU
		{6FFD773E-84DD-465C-B60D-9DD24B52920D}.Debug|Any CPU.Build.0 = Debug|Any CPU
		{6FFD773E-84DD-465C-B60D-9DD24B52920D}.Release|Any CPU.ActiveCfg = Release|Any CPU
		{6FFD773E-84DD-465C-B60D-9DD24B52920D}.Release|Any CPU.Build.0 = Release|Any CPU
		{AE89FC7A-7AAD-473D-93BA-15762A542601}.Debug|Any CPU.ActiveCfg = Debug|Any CPU
		{AE89FC7A-7AAD-473D-93BA-15762A542601}.Debug|Any CPU.Build.0 = Debug|Any CPU
		{AE89FC7A-7AAD-473D-93BA-15762A542601}.Release|Any CPU.ActiveCfg = Release|Any CPU
		{AE89FC7A-7AAD-473D-93BA-15762A542601}.Release|Any CPU.Build.0 = Release|Any CPU
		{7FC74B85-5BFC-4C55-9346-8FA0BC79E060}.Debug|Any CPU.ActiveCfg = Debug|Any CPU
		{7FC74B85-5BFC-4C55-9346-8FA0BC79E060}.Debug|Any CPU.Build.0 = Debug|Any CPU
		{7FC74B85-5BFC-4C55-9346-8FA0BC79E060}.Release|Any CPU.ActiveCfg = Release|Any CPU
		{7FC74B85-5BFC-4C55-9346-8FA0BC79E060}.Release|Any CPU.Build.0 = Release|Any CPU
		{71C2D4ED-33CA-427C-935E-3A4382A4C05B}.Debug|Any CPU.ActiveCfg = Debug|Any CPU
		{71C2D4ED-33CA-427C-935E-3A4382A4C05B}.Debug|Any CPU.Build.0 = Debug|Any CPU
		{71C2D4ED-33CA-427C-935E-3A4382A4C05B}.Release|Any CPU.ActiveCfg = Release|Any CPU
		{71C2D4ED-33CA-427C-935E-3A4382A4C05B}.Release|Any CPU.Build.0 = Release|Any CPU
		{466451B4-FB2C-41B0-B40A-54AB82ABA261}.Debug|Any CPU.ActiveCfg = Debug|Any CPU
		{466451B4-FB2C-41B0-B40A-54AB82ABA261}.Debug|Any CPU.Build.0 = Debug|Any CPU
		{466451B4-FB2C-41B0-B40A-54AB82ABA261}.Release|Any CPU.ActiveCfg = Release|Any CPU
		{466451B4-FB2C-41B0-B40A-54AB82ABA261}.Release|Any CPU.Build.0 = Release|Any CPU
		{CF5E1A11-E56C-4B1A-A0EA-BF2D32C7D3F2}.Debug|Any CPU.ActiveCfg = Debug|Any CPU
		{CF5E1A11-E56C-4B1A-A0EA-BF2D32C7D3F2}.Debug|Any CPU.Build.0 = Debug|Any CPU
		{CF5E1A11-E56C-4B1A-A0EA-BF2D32C7D3F2}.Release|Any CPU.ActiveCfg = Release|Any CPU
		{CF5E1A11-E56C-4B1A-A0EA-BF2D32C7D3F2}.Release|Any CPU.Build.0 = Release|Any CPU
		{59A5134E-1012-4BDB-92A9-F3151DC859BB}.Debug|Any CPU.ActiveCfg = Debug|Any CPU
		{59A5134E-1012-4BDB-92A9-F3151DC859BB}.Debug|Any CPU.Build.0 = Debug|Any CPU
		{59A5134E-1012-4BDB-92A9-F3151DC859BB}.Release|Any CPU.ActiveCfg = Release|Any CPU
		{59A5134E-1012-4BDB-92A9-F3151DC859BB}.Release|Any CPU.Build.0 = Release|Any CPU
		{1C456F58-3BDD-4EEF-AA7F-AFBCB560568E}.Debug|Any CPU.ActiveCfg = Debug|Any CPU
		{1C456F58-3BDD-4EEF-AA7F-AFBCB560568E}.Debug|Any CPU.Build.0 = Debug|Any CPU
		{1C456F58-3BDD-4EEF-AA7F-AFBCB560568E}.Release|Any CPU.ActiveCfg = Release|Any CPU
		{1C456F58-3BDD-4EEF-AA7F-AFBCB560568E}.Release|Any CPU.Build.0 = Release|Any CPU
	EndGlobalSection
	GlobalSection(SolutionProperties) = preSolution
		HideSolutionNode = FALSE
	EndGlobalSection
EndGlobal
