
Microsoft Visual Studio Solution File, Format Version 12.00
# Visual Studio 14
VisualStudioVersion = 14.0.25123.0
MinimumVisualStudioVersion = 10.0.40219.1
Project("{FAE04EC0-301F-11D3-BF4B-00C04F79EFBC}") = "single_dimension_array", "single_dimension_array\single_dimension_array.csproj", "{BF1A6D1A-2305-42EE-BEA2-46AC3FF91A32}"
EndProject
Global
	GlobalSection(SolutionConfigurationPlatforms) = preSolution
		Debug|Any CPU = Debug|Any CPU
		Release|Any CPU = Release|Any CPU
	EndGlobalSection
	GlobalSection(ProjectConfigurationPlatforms) = postSolution
		{BF1A6D1A-2305-42EE-BEA2-46AC3FF91A32}.Debug|Any CPU.ActiveCfg = Debug|Any CPU
		{BF1A6D1A-2305-42EE-BEA2-46AC3FF91A32}.Debug|Any CPU.Build.0 = Debug|Any CPU
		{BF1A6D1A-2305-42EE-BEA2-46AC3FF91A32}.Release|Any CPU.ActiveCfg = Release|Any CPU
		{BF1A6D1A-2305-42EE-BEA2-46AC3FF91A32}.Release|Any CPU.Build.0 = Release|Any CPU
	EndGlobalSection
	GlobalSection(SolutionProperties) = preSolution
		HideSolutionNode = FALSE
	EndGlobalSection
EndGlobal
